// !$*UTF8*$!
{
	archiveVersion = 1;
	classes = {
	};
	objectVersion = 46;
	objects = {

/* Begin PBXBuildFile section */
		1E660F5E1D01D05500126519 /* ATPlace.m in Sources */ = {isa = PBXBuildFile; fileRef = 1E660F5D1D01D05500126519 /* ATPlace.m */; };
		1E660F611D01D06900126519 /* ATPlaceController.m in Sources */ = {isa = PBXBuildFile; fileRef = 1E660F601D01D06900126519 /* ATPlaceController.m */; };
		1E660F641D01D14800126519 /* InitialViewController.m in Sources */ = {isa = PBXBuildFile; fileRef = 1E660F631D01D14800126519 /* InitialViewController.m */; };
		1E6C37441D00C68E00C44F22 /* Raleway-Black.ttf in Resources */ = {isa = PBXBuildFile; fileRef = 1E6C37321D00C68E00C44F22 /* Raleway-Black.ttf */; };
		1E6C37451D00C68E00C44F22 /* Raleway-BlackItalic.ttf in Resources */ = {isa = PBXBuildFile; fileRef = 1E6C37331D00C68E00C44F22 /* Raleway-BlackItalic.ttf */; };
		1E6C37461D00C68E00C44F22 /* Raleway-Bold.ttf in Resources */ = {isa = PBXBuildFile; fileRef = 1E6C37341D00C68E00C44F22 /* Raleway-Bold.ttf */; };
		1E6C37471D00C68E00C44F22 /* Raleway-BoldItalic.ttf in Resources */ = {isa = PBXBuildFile; fileRef = 1E6C37351D00C68E00C44F22 /* Raleway-BoldItalic.ttf */; };
		1E6C37481D00C68E00C44F22 /* Raleway-ExtraBold.ttf in Resources */ = {isa = PBXBuildFile; fileRef = 1E6C37361D00C68E00C44F22 /* Raleway-ExtraBold.ttf */; };
		1E6C37491D00C68E00C44F22 /* Raleway-ExtraBoldItalic.ttf in Resources */ = {isa = PBXBuildFile; fileRef = 1E6C37371D00C68E00C44F22 /* Raleway-ExtraBoldItalic.ttf */; };
		1E6C374A1D00C68E00C44F22 /* Raleway-ExtraLight.ttf in Resources */ = {isa = PBXBuildFile; fileRef = 1E6C37381D00C68E00C44F22 /* Raleway-ExtraLight.ttf */; };
		1E6C374B1D00C68E00C44F22 /* Raleway-ExtraLightItalic.ttf in Resources */ = {isa = PBXBuildFile; fileRef = 1E6C37391D00C68E00C44F22 /* Raleway-ExtraLightItalic.ttf */; };
		1E6C374C1D00C68E00C44F22 /* Raleway-Italic.ttf in Resources */ = {isa = PBXBuildFile; fileRef = 1E6C373A1D00C68E00C44F22 /* Raleway-Italic.ttf */; };
		1E6C374D1D00C68E00C44F22 /* Raleway-Light.ttf in Resources */ = {isa = PBXBuildFile; fileRef = 1E6C373B1D00C68E00C44F22 /* Raleway-Light.ttf */; };
		1E6C374E1D00C68E00C44F22 /* Raleway-LightItalic.ttf in Resources */ = {isa = PBXBuildFile; fileRef = 1E6C373C1D00C68E00C44F22 /* Raleway-LightItalic.ttf */; };
		1E6C374F1D00C68E00C44F22 /* Raleway-Medium.ttf in Resources */ = {isa = PBXBuildFile; fileRef = 1E6C373D1D00C68E00C44F22 /* Raleway-Medium.ttf */; };
		1E6C37501D00C68E00C44F22 /* Raleway-MediumItalic.ttf in Resources */ = {isa = PBXBuildFile; fileRef = 1E6C373E1D00C68E00C44F22 /* Raleway-MediumItalic.ttf */; };
		1E6C37511D00C68E00C44F22 /* Raleway-Regular.ttf in Resources */ = {isa = PBXBuildFile; fileRef = 1E6C373F1D00C68E00C44F22 /* Raleway-Regular.ttf */; };
		1E6C37521D00C68E00C44F22 /* Raleway-SemiBold.ttf in Resources */ = {isa = PBXBuildFile; fileRef = 1E6C37401D00C68E00C44F22 /* Raleway-SemiBold.ttf */; };
		1E6C37531D00C68E00C44F22 /* Raleway-SemiBoldItalic.ttf in Resources */ = {isa = PBXBuildFile; fileRef = 1E6C37411D00C68E00C44F22 /* Raleway-SemiBoldItalic.ttf */; };
		1E6C37541D00C68E00C44F22 /* Raleway-Thin.ttf in Resources */ = {isa = PBXBuildFile; fileRef = 1E6C37421D00C68E00C44F22 /* Raleway-Thin.ttf */; };
		1E6C37551D00C68E00C44F22 /* Raleway-ThinItalic.ttf in Resources */ = {isa = PBXBuildFile; fileRef = 1E6C37431D00C68E00C44F22 /* Raleway-ThinItalic.ttf */; };
		1E6C37581D00C95600C44F22 /* MapViewController.m in Sources */ = {isa = PBXBuildFile; fileRef = 1E6C37571D00C95600C44F22 /* MapViewController.m */; };
		1E6C375B1D00D6AC00C44F22 /* MapFilterView.m in Sources */ = {isa = PBXBuildFile; fileRef = 1E6C375A1D00D6AC00C44F22 /* MapFilterView.m */; };
		1E6C37611D00F2D500C44F22 /* DevelopersViewController.m in Sources */ = {isa = PBXBuildFile; fileRef = 1E6C37601D00F2D500C44F22 /* DevelopersViewController.m */; };
		1E6C37631D00F3BA00C44F22 /* corkBackground.jpg in Resources */ = {isa = PBXBuildFile; fileRef = 1E6C37621D00F3BA00C44F22 /* corkBackground.jpg */; };
		1E6C376B1D00F91500C44F22 /* FontInspector.m in Sources */ = {isa = PBXBuildFile; fileRef = 1E6C37651D00F91500C44F22 /* FontInspector.m */; };
		1E6C376C1D00F91500C44F22 /* ionicons.bundle in Resources */ = {isa = PBXBuildFile; fileRef = 1E6C37671D00F91500C44F22 /* ionicons.bundle */; };
		1E6C376D1D00F91500C44F22 /* IonIcons.m in Sources */ = {isa = PBXBuildFile; fileRef = 1E6C37691D00F91500C44F22 /* IonIcons.m */; };
		1E6C376E1D00F91500C44F22 /* ionicons.ttf in Resources */ = {isa = PBXBuildFile; fileRef = 1E6C376A1D00F91500C44F22 /* ionicons.ttf */; };
		1EB050CB1CFF7E4B0095254C /* main.m in Sources */ = {isa = PBXBuildFile; fileRef = 1EB050CA1CFF7E4B0095254C /* main.m */; };
		1EB050CE1CFF7E4B0095254C /* AppDelegate.m in Sources */ = {isa = PBXBuildFile; fileRef = 1EB050CD1CFF7E4B0095254C /* AppDelegate.m */; };
		1EB050D61CFF7E4B0095254C /* Assets.xcassets in Resources */ = {isa = PBXBuildFile; fileRef = 1EB050D51CFF7E4B0095254C /* Assets.xcassets */; };
		1EB050D91CFF7E4B0095254C /* LaunchScreen.storyboard in Resources */ = {isa = PBXBuildFile; fileRef = 1EB050D71CFF7E4B0095254C /* LaunchScreen.storyboard */; };
		1EB050E41CFF7E4B0095254C /* projectCherryTests.m in Sources */ = {isa = PBXBuildFile; fileRef = 1EB050E31CFF7E4B0095254C /* projectCherryTests.m */; };
		1EB050EF1CFF7E4B0095254C /* projectCherryUITests.m in Sources */ = {isa = PBXBuildFile; fileRef = 1EB050EE1CFF7E4B0095254C /* projectCherryUITests.m */; };
		1EB051021CFF829F0095254C /* Bolts.framework in Frameworks */ = {isa = PBXBuildFile; fileRef = 1EB050FC1CFF829F0095254C /* Bolts.framework */; };
		1EB051031CFF82A00095254C /* Parse.framework in Frameworks */ = {isa = PBXBuildFile; fileRef = 1EB050FD1CFF829F0095254C /* Parse.framework */; };
		1EB051041CFF82A00095254C /* ParseFacebookUtils.framework in Frameworks */ = {isa = PBXBuildFile; fileRef = 1EB050FE1CFF829F0095254C /* ParseFacebookUtils.framework */; };
		1EB051051CFF82A00095254C /* ParseFacebookUtilsV4.framework in Frameworks */ = {isa = PBXBuildFile; fileRef = 1EB050FF1CFF829F0095254C /* ParseFacebookUtilsV4.framework */; };
		1EB051061CFF82A00095254C /* ParseTwitterUtils.framework in Frameworks */ = {isa = PBXBuildFile; fileRef = 1EB051001CFF829F0095254C /* ParseTwitterUtils.framework */; };
		1EB051071CFF82A00095254C /* ParseUI.framework in Frameworks */ = {isa = PBXBuildFile; fileRef = 1EB051011CFF829F0095254C /* ParseUI.framework */; };
		1EB051141CFF82AB0095254C /* libsqlite3.dylib in Frameworks */ = {isa = PBXBuildFile; fileRef = 1EB051081CFF82AB0095254C /* libsqlite3.dylib */; };
		1EB051151CFF82AB0095254C /* libz.dylib in Frameworks */ = {isa = PBXBuildFile; fileRef = 1EB051091CFF82AB0095254C /* libz.dylib */; };
		1EB051161CFF82AB0095254C /* Security.framework in Frameworks */ = {isa = PBXBuildFile; fileRef = 1EB0510A1CFF82AB0095254C /* Security.framework */; };
		1EB051171CFF82AB0095254C /* QuartzCore.framework in Frameworks */ = {isa = PBXBuildFile; fileRef = 1EB0510B1CFF82AB0095254C /* QuartzCore.framework */; };
		1EB051181CFF82AB0095254C /* MobileCoreServices.framework in Frameworks */ = {isa = PBXBuildFile; fileRef = 1EB0510C1CFF82AB0095254C /* MobileCoreServices.framework */; };
		1EB051191CFF82AB0095254C /* CoreGraphics.framework in Frameworks */ = {isa = PBXBuildFile; fileRef = 1EB0510D1CFF82AB0095254C /* CoreGraphics.framework */; };
		1EB0511A1CFF82AB0095254C /* CFNetwork.framework in Frameworks */ = {isa = PBXBuildFile; fileRef = 1EB0510E1CFF82AB0095254C /* CFNetwork.framework */; };
		1EB0511B1CFF82AB0095254C /* SystemConfiguration.framework in Frameworks */ = {isa = PBXBuildFile; fileRef = 1EB0510F1CFF82AB0095254C /* SystemConfiguration.framework */; };
		1EB0511C1CFF82AB0095254C /* Social.framework in Frameworks */ = {isa = PBXBuildFile; fileRef = 1EB051101CFF82AB0095254C /* Social.framework */; };
		1EB0511D1CFF82AB0095254C /* MapKit.framework in Frameworks */ = {isa = PBXBuildFile; fileRef = 1EB051111CFF82AB0095254C /* MapKit.framework */; };
		1EB0511E1CFF82AB0095254C /* AudioToolbox.framework in Frameworks */ = {isa = PBXBuildFile; fileRef = 1EB051121CFF82AB0095254C /* AudioToolbox.framework */; };
		1EB0511F1CFF82AB0095254C /* MessageUI.framework in Frameworks */ = {isa = PBXBuildFile; fileRef = 1EB051131CFF82AB0095254C /* MessageUI.framework */; };
		1EDF362E1D009857005930F8 /* Main.storyboard in Resources */ = {isa = PBXBuildFile; fileRef = 1EDF362D1D009857005930F8 /* Main.storyboard */; };
		1EF253341D01000C004EAFEB /* BusinessDetailViewController.m in Sources */ = {isa = PBXBuildFile; fileRef = 1EF253331D01000C004EAFEB /* BusinessDetailViewController.m */; };
/* End PBXBuildFile section */

/* Begin PBXContainerItemProxy section */
		1EB050E01CFF7E4B0095254C /* PBXContainerItemProxy */ = {
			isa = PBXContainerItemProxy;
			containerPortal = 1EB050BE1CFF7E4B0095254C /* Project object */;
			proxyType = 1;
			remoteGlobalIDString = 1EB050C51CFF7E4B0095254C;
			remoteInfo = projectCherry;
		};
		1EB050EB1CFF7E4B0095254C /* PBXContainerItemProxy */ = {
			isa = PBXContainerItemProxy;
			containerPortal = 1EB050BE1CFF7E4B0095254C /* Project object */;
			proxyType = 1;
			remoteGlobalIDString = 1EB050C51CFF7E4B0095254C;
			remoteInfo = projectCherry;
		};
/* End PBXContainerItemProxy section */

/* Begin PBXFileReference section */
		1E660F5C1D01D05500126519 /* ATPlace.h */ = {isa = PBXFileReference; fileEncoding = 4; lastKnownFileType = sourcecode.c.h; path = ATPlace.h; sourceTree = "<group>"; };
		1E660F5D1D01D05500126519 /* ATPlace.m */ = {isa = PBXFileReference; fileEncoding = 4; lastKnownFileType = sourcecode.c.objc; path = ATPlace.m; sourceTree = "<group>"; };
		1E660F5F1D01D06900126519 /* ATPlaceController.h */ = {isa = PBXFileReference; fileEncoding = 4; lastKnownFileType = sourcecode.c.h; path = ATPlaceController.h; sourceTree = "<group>"; };
		1E660F601D01D06900126519 /* ATPlaceController.m */ = {isa = PBXFileReference; fileEncoding = 4; lastKnownFileType = sourcecode.c.objc; path = ATPlaceController.m; sourceTree = "<group>"; };
		1E660F621D01D14800126519 /* InitialViewController.h */ = {isa = PBXFileReference; fileEncoding = 4; lastKnownFileType = sourcecode.c.h; path = InitialViewController.h; sourceTree = "<group>"; };
		1E660F631D01D14800126519 /* InitialViewController.m */ = {isa = PBXFileReference; fileEncoding = 4; lastKnownFileType = sourcecode.c.objc; path = InitialViewController.m; sourceTree = "<group>"; };
		1E6C37321D00C68E00C44F22 /* Raleway-Black.ttf */ = {isa = PBXFileReference; lastKnownFileType = file; path = "Raleway-Black.ttf"; sourceTree = "<group>"; };
		1E6C37331D00C68E00C44F22 /* Raleway-BlackItalic.ttf */ = {isa = PBXFileReference; lastKnownFileType = file; path = "Raleway-BlackItalic.ttf"; sourceTree = "<group>"; };
		1E6C37341D00C68E00C44F22 /* Raleway-Bold.ttf */ = {isa = PBXFileReference; lastKnownFileType = file; path = "Raleway-Bold.ttf"; sourceTree = "<group>"; };
		1E6C37351D00C68E00C44F22 /* Raleway-BoldItalic.ttf */ = {isa = PBXFileReference; lastKnownFileType = file; path = "Raleway-BoldItalic.ttf"; sourceTree = "<group>"; };
		1E6C37361D00C68E00C44F22 /* Raleway-ExtraBold.ttf */ = {isa = PBXFileReference; lastKnownFileType = file; path = "Raleway-ExtraBold.ttf"; sourceTree = "<group>"; };
		1E6C37371D00C68E00C44F22 /* Raleway-ExtraBoldItalic.ttf */ = {isa = PBXFileReference; lastKnownFileType = file; path = "Raleway-ExtraBoldItalic.ttf"; sourceTree = "<group>"; };
		1E6C37381D00C68E00C44F22 /* Raleway-ExtraLight.ttf */ = {isa = PBXFileReference; lastKnownFileType = file; path = "Raleway-ExtraLight.ttf"; sourceTree = "<group>"; };
		1E6C37391D00C68E00C44F22 /* Raleway-ExtraLightItalic.ttf */ = {isa = PBXFileReference; lastKnownFileType = file; path = "Raleway-ExtraLightItalic.ttf"; sourceTree = "<group>"; };
		1E6C373A1D00C68E00C44F22 /* Raleway-Italic.ttf */ = {isa = PBXFileReference; lastKnownFileType = file; path = "Raleway-Italic.ttf"; sourceTree = "<group>"; };
		1E6C373B1D00C68E00C44F22 /* Raleway-Light.ttf */ = {isa = PBXFileReference; lastKnownFileType = file; path = "Raleway-Light.ttf"; sourceTree = "<group>"; };
		1E6C373C1D00C68E00C44F22 /* Raleway-LightItalic.ttf */ = {isa = PBXFileReference; lastKnownFileType = file; path = "Raleway-LightItalic.ttf"; sourceTree = "<group>"; };
		1E6C373D1D00C68E00C44F22 /* Raleway-Medium.ttf */ = {isa = PBXFileReference; lastKnownFileType = file; path = "Raleway-Medium.ttf"; sourceTree = "<group>"; };
		1E6C373E1D00C68E00C44F22 /* Raleway-MediumItalic.ttf */ = {isa = PBXFileReference; lastKnownFileType = file; path = "Raleway-MediumItalic.ttf"; sourceTree = "<group>"; };
		1E6C373F1D00C68E00C44F22 /* Raleway-Regular.ttf */ = {isa = PBXFileReference; lastKnownFileType = file; path = "Raleway-Regular.ttf"; sourceTree = "<group>"; };
		1E6C37401D00C68E00C44F22 /* Raleway-SemiBold.ttf */ = {isa = PBXFileReference; lastKnownFileType = file; path = "Raleway-SemiBold.ttf"; sourceTree = "<group>"; };
		1E6C37411D00C68E00C44F22 /* Raleway-SemiBoldItalic.ttf */ = {isa = PBXFileReference; lastKnownFileType = file; path = "Raleway-SemiBoldItalic.ttf"; sourceTree = "<group>"; };
		1E6C37421D00C68E00C44F22 /* Raleway-Thin.ttf */ = {isa = PBXFileReference; lastKnownFileType = file; path = "Raleway-Thin.ttf"; sourceTree = "<group>"; };
		1E6C37431D00C68E00C44F22 /* Raleway-ThinItalic.ttf */ = {isa = PBXFileReference; lastKnownFileType = file; path = "Raleway-ThinItalic.ttf"; sourceTree = "<group>"; };
		1E6C37561D00C95600C44F22 /* MapViewController.h */ = {isa = PBXFileReference; fileEncoding = 4; lastKnownFileType = sourcecode.c.h; path = MapViewController.h; sourceTree = "<group>"; };
		1E6C37571D00C95600C44F22 /* MapViewController.m */ = {isa = PBXFileReference; fileEncoding = 4; lastKnownFileType = sourcecode.c.objc; path = MapViewController.m; sourceTree = "<group>"; };
		1E6C37591D00D6AC00C44F22 /* MapFilterView.h */ = {isa = PBXFileReference; fileEncoding = 4; lastKnownFileType = sourcecode.c.h; path = MapFilterView.h; sourceTree = "<group>"; };
		1E6C375A1D00D6AC00C44F22 /* MapFilterView.m */ = {isa = PBXFileReference; fileEncoding = 4; lastKnownFileType = sourcecode.c.objc; path = MapFilterView.m; sourceTree = "<group>"; };
		1E6C375F1D00F2D500C44F22 /* DevelopersViewController.h */ = {isa = PBXFileReference; fileEncoding = 4; lastKnownFileType = sourcecode.c.h; path = DevelopersViewController.h; sourceTree = "<group>"; };
		1E6C37601D00F2D500C44F22 /* DevelopersViewController.m */ = {isa = PBXFileReference; fileEncoding = 4; lastKnownFileType = sourcecode.c.objc; path = DevelopersViewController.m; sourceTree = "<group>"; };
		1E6C37621D00F3BA00C44F22 /* corkBackground.jpg */ = {isa = PBXFileReference; lastKnownFileType = image.jpeg; path = corkBackground.jpg; sourceTree = "<group>"; };
		1E6C37641D00F91500C44F22 /* FontInspector.h */ = {isa = PBXFileReference; fileEncoding = 4; lastKnownFileType = sourcecode.c.h; path = FontInspector.h; sourceTree = "<group>"; };
		1E6C37651D00F91500C44F22 /* FontInspector.m */ = {isa = PBXFileReference; fileEncoding = 4; lastKnownFileType = sourcecode.c.objc; path = FontInspector.m; sourceTree = "<group>"; };
		1E6C37661D00F91500C44F22 /* ionicons-codes.h */ = {isa = PBXFileReference; fileEncoding = 4; lastKnownFileType = sourcecode.c.h; path = "ionicons-codes.h"; sourceTree = "<group>"; };
		1E6C37671D00F91500C44F22 /* ionicons.bundle */ = {isa = PBXFileReference; lastKnownFileType = "wrapper.plug-in"; path = ionicons.bundle; sourceTree = "<group>"; };
		1E6C37681D00F91500C44F22 /* IonIcons.h */ = {isa = PBXFileReference; fileEncoding = 4; lastKnownFileType = sourcecode.c.h; path = IonIcons.h; sourceTree = "<group>"; };
		1E6C37691D00F91500C44F22 /* IonIcons.m */ = {isa = PBXFileReference; fileEncoding = 4; lastKnownFileType = sourcecode.c.objc; path = IonIcons.m; sourceTree = "<group>"; };
		1E6C376A1D00F91500C44F22 /* ionicons.ttf */ = {isa = PBXFileReference; lastKnownFileType = file; path = ionicons.ttf; sourceTree = "<group>"; };
		1EB050C61CFF7E4B0095254C /* projectCherry.app */ = {isa = PBXFileReference; explicitFileType = wrapper.application; includeInIndex = 0; path = projectCherry.app; sourceTree = BUILT_PRODUCTS_DIR; };
		1EB050CA1CFF7E4B0095254C /* main.m */ = {isa = PBXFileReference; lastKnownFileType = sourcecode.c.objc; path = main.m; sourceTree = "<group>"; };
		1EB050CC1CFF7E4B0095254C /* AppDelegate.h */ = {isa = PBXFileReference; lastKnownFileType = sourcecode.c.h; path = AppDelegate.h; sourceTree = "<group>"; };
		1EB050CD1CFF7E4B0095254C /* AppDelegate.m */ = {isa = PBXFileReference; lastKnownFileType = sourcecode.c.objc; path = AppDelegate.m; sourceTree = "<group>"; };
		1EB050D51CFF7E4B0095254C /* Assets.xcassets */ = {isa = PBXFileReference; lastKnownFileType = folder.assetcatalog; path = Assets.xcassets; sourceTree = "<group>"; };
		1EB050D81CFF7E4B0095254C /* Base */ = {isa = PBXFileReference; lastKnownFileType = file.storyboard; name = Base; path = Base.lproj/LaunchScreen.storyboard; sourceTree = "<group>"; };
		1EB050DA1CFF7E4B0095254C /* Info.plist */ = {isa = PBXFileReference; lastKnownFileType = text.plist.xml; path = Info.plist; sourceTree = "<group>"; };
		1EB050DF1CFF7E4B0095254C /* projectCherryTests.xctest */ = {isa = PBXFileReference; explicitFileType = wrapper.cfbundle; includeInIndex = 0; path = projectCherryTests.xctest; sourceTree = BUILT_PRODUCTS_DIR; };
		1EB050E31CFF7E4B0095254C /* projectCherryTests.m */ = {isa = PBXFileReference; lastKnownFileType = sourcecode.c.objc; path = projectCherryTests.m; sourceTree = "<group>"; };
		1EB050E51CFF7E4B0095254C /* Info.plist */ = {isa = PBXFileReference; lastKnownFileType = text.plist.xml; path = Info.plist; sourceTree = "<group>"; };
		1EB050EA1CFF7E4B0095254C /* projectCherryUITests.xctest */ = {isa = PBXFileReference; explicitFileType = wrapper.cfbundle; includeInIndex = 0; path = projectCherryUITests.xctest; sourceTree = BUILT_PRODUCTS_DIR; };
		1EB050EE1CFF7E4B0095254C /* projectCherryUITests.m */ = {isa = PBXFileReference; lastKnownFileType = sourcecode.c.objc; path = projectCherryUITests.m; sourceTree = "<group>"; };
		1EB050F01CFF7E4B0095254C /* Info.plist */ = {isa = PBXFileReference; lastKnownFileType = text.plist.xml; path = Info.plist; sourceTree = "<group>"; };
		1EB050FC1CFF829F0095254C /* Bolts.framework */ = {isa = PBXFileReference; lastKnownFileType = wrapper.framework; path = Bolts.framework; sourceTree = "<group>"; };
		1EB050FD1CFF829F0095254C /* Parse.framework */ = {isa = PBXFileReference; lastKnownFileType = wrapper.framework; path = Parse.framework; sourceTree = "<group>"; };
		1EB050FE1CFF829F0095254C /* ParseFacebookUtils.framework */ = {isa = PBXFileReference; lastKnownFileType = wrapper.framework; path = ParseFacebookUtils.framework; sourceTree = "<group>"; };
		1EB050FF1CFF829F0095254C /* ParseFacebookUtilsV4.framework */ = {isa = PBXFileReference; lastKnownFileType = wrapper.framework; path = ParseFacebookUtilsV4.framework; sourceTree = "<group>"; };
		1EB051001CFF829F0095254C /* ParseTwitterUtils.framework */ = {isa = PBXFileReference; lastKnownFileType = wrapper.framework; path = ParseTwitterUtils.framework; sourceTree = "<group>"; };
		1EB051011CFF829F0095254C /* ParseUI.framework */ = {isa = PBXFileReference; lastKnownFileType = wrapper.framework; path = ParseUI.framework; sourceTree = "<group>"; };
		1EB051081CFF82AB0095254C /* libsqlite3.dylib */ = {isa = PBXFileReference; lastKnownFileType = "compiled.mach-o.dylib"; name = libsqlite3.dylib; path = usr/lib/libsqlite3.dylib; sourceTree = SDKROOT; };
		1EB051091CFF82AB0095254C /* libz.dylib */ = {isa = PBXFileReference; lastKnownFileType = "compiled.mach-o.dylib"; name = libz.dylib; path = usr/lib/libz.dylib; sourceTree = SDKROOT; };
		1EB0510A1CFF82AB0095254C /* Security.framework */ = {isa = PBXFileReference; lastKnownFileType = wrapper.framework; name = Security.framework; path = System/Library/Frameworks/Security.framework; sourceTree = SDKROOT; };
		1EB0510B1CFF82AB0095254C /* QuartzCore.framework */ = {isa = PBXFileReference; lastKnownFileType = wrapper.framework; name = QuartzCore.framework; path = System/Library/Frameworks/QuartzCore.framework; sourceTree = SDKROOT; };
		1EB0510C1CFF82AB0095254C /* MobileCoreServices.framework */ = {isa = PBXFileReference; lastKnownFileType = wrapper.framework; name = MobileCoreServices.framework; path = System/Library/Frameworks/MobileCoreServices.framework; sourceTree = SDKROOT; };
		1EB0510D1CFF82AB0095254C /* CoreGraphics.framework */ = {isa = PBXFileReference; lastKnownFileType = wrapper.framework; name = CoreGraphics.framework; path = System/Library/Frameworks/CoreGraphics.framework; sourceTree = SDKROOT; };
		1EB0510E1CFF82AB0095254C /* CFNetwork.framework */ = {isa = PBXFileReference; lastKnownFileType = wrapper.framework; name = CFNetwork.framework; path = System/Library/Frameworks/CFNetwork.framework; sourceTree = SDKROOT; };
		1EB0510F1CFF82AB0095254C /* SystemConfiguration.framework */ = {isa = PBXFileReference; lastKnownFileType = wrapper.framework; name = SystemConfiguration.framework; path = System/Library/Frameworks/SystemConfiguration.framework; sourceTree = SDKROOT; };
		1EB051101CFF82AB0095254C /* Social.framework */ = {isa = PBXFileReference; lastKnownFileType = wrapper.framework; name = Social.framework; path = System/Library/Frameworks/Social.framework; sourceTree = SDKROOT; };
		1EB051111CFF82AB0095254C /* MapKit.framework */ = {isa = PBXFileReference; lastKnownFileType = wrapper.framework; name = MapKit.framework; path = System/Library/Frameworks/MapKit.framework; sourceTree = SDKROOT; };
		1EB051121CFF82AB0095254C /* AudioToolbox.framework */ = {isa = PBXFileReference; lastKnownFileType = wrapper.framework; name = AudioToolbox.framework; path = System/Library/Frameworks/AudioToolbox.framework; sourceTree = SDKROOT; };
		1EB051131CFF82AB0095254C /* MessageUI.framework */ = {isa = PBXFileReference; lastKnownFileType = wrapper.framework; name = MessageUI.framework; path = System/Library/Frameworks/MessageUI.framework; sourceTree = SDKROOT; };
		1EDF362D1D009857005930F8 /* Main.storyboard */ = {isa = PBXFileReference; fileEncoding = 4; lastKnownFileType = file.storyboard; path = Main.storyboard; sourceTree = "<group>"; };
		1EF253321D01000C004EAFEB /* BusinessDetailViewController.h */ = {isa = PBXFileReference; fileEncoding = 4; lastKnownFileType = sourcecode.c.h; path = BusinessDetailViewController.h; sourceTree = "<group>"; };
		1EF253331D01000C004EAFEB /* BusinessDetailViewController.m */ = {isa = PBXFileReference; fileEncoding = 4; lastKnownFileType = sourcecode.c.objc; path = BusinessDetailViewController.m; sourceTree = "<group>"; };
/* End PBXFileReference section */

/* Begin PBXFrameworksBuildPhase section */
		1EB050C31CFF7E4B0095254C /* Frameworks */ = {
			isa = PBXFrameworksBuildPhase;
			buildActionMask = 2147483647;
			files = (
				1EB051071CFF82A00095254C /* ParseUI.framework in Frameworks */,
				1EB051141CFF82AB0095254C /* libsqlite3.dylib in Frameworks */,
				1EB051151CFF82AB0095254C /* libz.dylib in Frameworks */,
				1EB051161CFF82AB0095254C /* Security.framework in Frameworks */,
				1EB051171CFF82AB0095254C /* QuartzCore.framework in Frameworks */,
				1EB051181CFF82AB0095254C /* MobileCoreServices.framework in Frameworks */,
				1EB051191CFF82AB0095254C /* CoreGraphics.framework in Frameworks */,
				1EB0511A1CFF82AB0095254C /* CFNetwork.framework in Frameworks */,
				1EB0511B1CFF82AB0095254C /* SystemConfiguration.framework in Frameworks */,
				1EB0511C1CFF82AB0095254C /* Social.framework in Frameworks */,
				1EB0511D1CFF82AB0095254C /* MapKit.framework in Frameworks */,
				1EB0511E1CFF82AB0095254C /* AudioToolbox.framework in Frameworks */,
				1EB0511F1CFF82AB0095254C /* MessageUI.framework in Frameworks */,
				1EB051031CFF82A00095254C /* Parse.framework in Frameworks */,
				1EB051021CFF829F0095254C /* Bolts.framework in Frameworks */,
				1EB051051CFF82A00095254C /* ParseFacebookUtilsV4.framework in Frameworks */,
				1EB051041CFF82A00095254C /* ParseFacebookUtils.framework in Frameworks */,
				1EB051061CFF82A00095254C /* ParseTwitterUtils.framework in Frameworks */,
			);
			runOnlyForDeploymentPostprocessing = 0;
		};
		1EB050DC1CFF7E4B0095254C /* Frameworks */ = {
			isa = PBXFrameworksBuildPhase;
			buildActionMask = 2147483647;
			files = (
			);
			runOnlyForDeploymentPostprocessing = 0;
		};
		1EB050E71CFF7E4B0095254C /* Frameworks */ = {
			isa = PBXFrameworksBuildPhase;
			buildActionMask = 2147483647;
			files = (
			);
			runOnlyForDeploymentPostprocessing = 0;
		};
/* End PBXFrameworksBuildPhase section */

/* Begin PBXGroup section */
		1E6C376F1D00F91900C44F22 /* IONICONS */ = {
			isa = PBXGroup;
			children = (
				1E6C37641D00F91500C44F22 /* FontInspector.h */,
				1E6C37651D00F91500C44F22 /* FontInspector.m */,
				1E6C37661D00F91500C44F22 /* ionicons-codes.h */,
				1E6C37671D00F91500C44F22 /* ionicons.bundle */,
				1E6C37681D00F91500C44F22 /* IonIcons.h */,
				1E6C37691D00F91500C44F22 /* IonIcons.m */,
				1E6C376A1D00F91500C44F22 /* ionicons.ttf */,
			);
			name = IONICONS;
			sourceTree = "<group>";
		};
		1EB050BD1CFF7E4B0095254C = {
			isa = PBXGroup;
			children = (
				1EB051081CFF82AB0095254C /* libsqlite3.dylib */,
				1EB051091CFF82AB0095254C /* libz.dylib */,
				1EB0510A1CFF82AB0095254C /* Security.framework */,
				1EB0510B1CFF82AB0095254C /* QuartzCore.framework */,
				1EB0510C1CFF82AB0095254C /* MobileCoreServices.framework */,
				1EB0510D1CFF82AB0095254C /* CoreGraphics.framework */,
				1EB0510E1CFF82AB0095254C /* CFNetwork.framework */,
				1EB0510F1CFF82AB0095254C /* SystemConfiguration.framework */,
				1EB051101CFF82AB0095254C /* Social.framework */,
				1EB051111CFF82AB0095254C /* MapKit.framework */,
				1EB051121CFF82AB0095254C /* AudioToolbox.framework */,
				1EB051131CFF82AB0095254C /* MessageUI.framework */,
				1EB050FC1CFF829F0095254C /* Bolts.framework */,
				1EB050FD1CFF829F0095254C /* Parse.framework */,
				1EB050FE1CFF829F0095254C /* ParseFacebookUtils.framework */,
				1EB050FF1CFF829F0095254C /* ParseFacebookUtilsV4.framework */,
				1EB051001CFF829F0095254C /* ParseTwitterUtils.framework */,
				1EB051011CFF829F0095254C /* ParseUI.framework */,
				1EB050C81CFF7E4B0095254C /* projectCherry */,
				1EB050E21CFF7E4B0095254C /* projectCherryTests */,
				1EB050ED1CFF7E4B0095254C /* projectCherryUITests */,
				1EB050C71CFF7E4B0095254C /* Products */,
			);
			sourceTree = "<group>";
		};
		1EB050C71CFF7E4B0095254C /* Products */ = {
			isa = PBXGroup;
			children = (
				1EB050C61CFF7E4B0095254C /* projectCherry.app */,
				1EB050DF1CFF7E4B0095254C /* projectCherryTests.xctest */,
				1EB050EA1CFF7E4B0095254C /* projectCherryUITests.xctest */,
			);
			name = Products;
			sourceTree = "<group>";
		};
		1EB050C81CFF7E4B0095254C /* projectCherry */ = {
			isa = PBXGroup;
			children = (
				1EB050CC1CFF7E4B0095254C /* AppDelegate.h */,
				1EB050CD1CFF7E4B0095254C /* AppDelegate.m */,
				1EDF362D1D009857005930F8 /* Main.storyboard */,
				1E6C376F1D00F91900C44F22 /* IONICONS */,
				1E6C37591D00D6AC00C44F22 /* MapFilterView.h */,
				1E6C375A1D00D6AC00C44F22 /* MapFilterView.m */,
				1E660F5F1D01D06900126519 /* ATPlaceController.h */,
				1E660F601D01D06900126519 /* ATPlaceController.m */,
				1E660F5C1D01D05500126519 /* ATPlace.h */,
				1E660F5D1D01D05500126519 /* ATPlace.m */,
				1E660F621D01D14800126519 /* InitialViewController.h */,
				1E660F631D01D14800126519 /* InitialViewController.m */,
				1E6C37561D00C95600C44F22 /* MapViewController.h */,
				1E6C37571D00C95600C44F22 /* MapViewController.m */,
				1EF253321D01000C004EAFEB /* BusinessDetailViewController.h */,
				1EF253331D01000C004EAFEB /* BusinessDetailViewController.m */,
				1E6C375F1D00F2D500C44F22 /* DevelopersViewController.h */,
				1E6C37601D00F2D500C44F22 /* DevelopersViewController.m */,
				1EB050D51CFF7E4B0095254C /* Assets.xcassets */,
				1EB050D71CFF7E4B0095254C /* LaunchScreen.storyboard */,
				1EB050DA1CFF7E4B0095254C /* Info.plist */,
				1EB050C91CFF7E4B0095254C /* Supporting Files */,
			);
			path = projectCherry;
			sourceTree = "<group>";
		};
		1EB050C91CFF7E4B0095254C /* Supporting Files */ = {
			isa = PBXGroup;
			children = (
				1E6C37621D00F3BA00C44F22 /* corkBackground.jpg */,
				1E6C37321D00C68E00C44F22 /* Raleway-Black.ttf */,
				1E6C37331D00C68E00C44F22 /* Raleway-BlackItalic.ttf */,
				1E6C37341D00C68E00C44F22 /* Raleway-Bold.ttf */,
				1E6C37351D00C68E00C44F22 /* Raleway-BoldItalic.ttf */,
				1E6C37361D00C68E00C44F22 /* Raleway-ExtraBold.ttf */,
				1E6C37371D00C68E00C44F22 /* Raleway-ExtraBoldItalic.ttf */,
				1E6C37381D00C68E00C44F22 /* Raleway-ExtraLight.ttf */,
				1E6C37391D00C68E00C44F22 /* Raleway-ExtraLightItalic.ttf */,
				1E6C373A1D00C68E00C44F22 /* Raleway-Italic.ttf */,
				1E6C373B1D00C68E00C44F22 /* Raleway-Light.ttf */,
				1E6C373C1D00C68E00C44F22 /* Raleway-LightItalic.ttf */,
				1E6C373D1D00C68E00C44F22 /* Raleway-Medium.ttf */,
				1E6C373E1D00C68E00C44F22 /* Raleway-MediumItalic.ttf */,
				1E6C373F1D00C68E00C44F22 /* Raleway-Regular.ttf */,
				1E6C37401D00C68E00C44F22 /* Raleway-SemiBold.ttf */,
				1E6C37411D00C68E00C44F22 /* Raleway-SemiBoldItalic.ttf */,
				1E6C37421D00C68E00C44F22 /* Raleway-Thin.ttf */,
				1E6C37431D00C68E00C44F22 /* Raleway-ThinItalic.ttf */,
				1EB050CA1CFF7E4B0095254C /* main.m */,
			);
			name = "Supporting Files";
			sourceTree = "<group>";
		};
		1EB050E21CFF7E4B0095254C /* projectCherryTests */ = {
			isa = PBXGroup;
			children = (
				1EB050E31CFF7E4B0095254C /* projectCherryTests.m */,
				1EB050E51CFF7E4B0095254C /* Info.plist */,
			);
			path = projectCherryTests;
			sourceTree = "<group>";
		};
		1EB050ED1CFF7E4B0095254C /* projectCherryUITests */ = {
			isa = PBXGroup;
			children = (
				1EB050EE1CFF7E4B0095254C /* projectCherryUITests.m */,
				1EB050F01CFF7E4B0095254C /* Info.plist */,
			);
			path = projectCherryUITests;
			sourceTree = "<group>";
		};
/* End PBXGroup section */

/* Begin PBXNativeTarget section */
		1EB050C51CFF7E4B0095254C /* projectCherry */ = {
			isa = PBXNativeTarget;
			buildConfigurationList = 1EB050F31CFF7E4B0095254C /* Build configuration list for PBXNativeTarget "projectCherry" */;
			buildPhases = (
				1EB050C21CFF7E4B0095254C /* Sources */,
				1EB050C31CFF7E4B0095254C /* Frameworks */,
				1EB050C41CFF7E4B0095254C /* Resources */,
			);
			buildRules = (
			);
			dependencies = (
			);
			name = projectCherry;
			productName = projectCherry;
			productReference = 1EB050C61CFF7E4B0095254C /* projectCherry.app */;
			productType = "com.apple.product-type.application";
		};
		1EB050DE1CFF7E4B0095254C /* projectCherryTests */ = {
			isa = PBXNativeTarget;
			buildConfigurationList = 1EB050F61CFF7E4B0095254C /* Build configuration list for PBXNativeTarget "projectCherryTests" */;
			buildPhases = (
				1EB050DB1CFF7E4B0095254C /* Sources */,
				1EB050DC1CFF7E4B0095254C /* Frameworks */,
				1EB050DD1CFF7E4B0095254C /* Resources */,
			);
			buildRules = (
			);
			dependencies = (
				1EB050E11CFF7E4B0095254C /* PBXTargetDependency */,
			);
			name = projectCherryTests;
			productName = projectCherryTests;
			productReference = 1EB050DF1CFF7E4B0095254C /* projectCherryTests.xctest */;
			productType = "com.apple.product-type.bundle.unit-test";
		};
		1EB050E91CFF7E4B0095254C /* projectCherryUITests */ = {
			isa = PBXNativeTarget;
			buildConfigurationList = 1EB050F91CFF7E4B0095254C /* Build configuration list for PBXNativeTarget "projectCherryUITests" */;
			buildPhases = (
				1EB050E61CFF7E4B0095254C /* Sources */,
				1EB050E71CFF7E4B0095254C /* Frameworks */,
				1EB050E81CFF7E4B0095254C /* Resources */,
			);
			buildRules = (
			);
			dependencies = (
				1EB050EC1CFF7E4B0095254C /* PBXTargetDependency */,
			);
			name = projectCherryUITests;
			productName = projectCherryUITests;
			productReference = 1EB050EA1CFF7E4B0095254C /* projectCherryUITests.xctest */;
			productType = "com.apple.product-type.bundle.ui-testing";
		};
/* End PBXNativeTarget section */

/* Begin PBXProject section */
		1EB050BE1CFF7E4B0095254C /* Project object */ = {
			isa = PBXProject;
			attributes = {
				LastUpgradeCheck = 0730;
				ORGANIZATIONNAME = "Apollo Technology";
				TargetAttributes = {
					1EB050C51CFF7E4B0095254C = {
						CreatedOnToolsVersion = 7.3.1;
					};
					1EB050DE1CFF7E4B0095254C = {
						CreatedOnToolsVersion = 7.3.1;
						TestTargetID = 1EB050C51CFF7E4B0095254C;
					};
					1EB050E91CFF7E4B0095254C = {
						CreatedOnToolsVersion = 7.3.1;
						TestTargetID = 1EB050C51CFF7E4B0095254C;
					};
				};
			};
			buildConfigurationList = 1EB050C11CFF7E4B0095254C /* Build configuration list for PBXProject "projectCherry" */;
			compatibilityVersion = "Xcode 3.2";
			developmentRegion = English;
			hasScannedForEncodings = 0;
			knownRegions = (
				en,
				Base,
			);
			mainGroup = 1EB050BD1CFF7E4B0095254C;
			productRefGroup = 1EB050C71CFF7E4B0095254C /* Products */;
			projectDirPath = "";
			projectRoot = "";
			targets = (
				1EB050C51CFF7E4B0095254C /* projectCherry */,
				1EB050DE1CFF7E4B0095254C /* projectCherryTests */,
				1EB050E91CFF7E4B0095254C /* projectCherryUITests */,
			);
		};
/* End PBXProject section */

/* Begin PBXResourcesBuildPhase section */
		1EB050C41CFF7E4B0095254C /* Resources */ = {
			isa = PBXResourcesBuildPhase;
			buildActionMask = 2147483647;
			files = (
				1E6C37481D00C68E00C44F22 /* Raleway-ExtraBold.ttf in Resources */,
				1E6C37531D00C68E00C44F22 /* Raleway-SemiBoldItalic.ttf in Resources */,
				1E6C37441D00C68E00C44F22 /* Raleway-Black.ttf in Resources */,
				1E6C37511D00C68E00C44F22 /* Raleway-Regular.ttf in Resources */,
				1E6C374B1D00C68E00C44F22 /* Raleway-ExtraLightItalic.ttf in Resources */,
				1E6C37541D00C68E00C44F22 /* Raleway-Thin.ttf in Resources */,
				1E6C374E1D00C68E00C44F22 /* Raleway-LightItalic.ttf in Resources */,
				1E6C376C1D00F91500C44F22 /* ionicons.bundle in Resources */,
				1E6C374A1D00C68E00C44F22 /* Raleway-ExtraLight.ttf in Resources */,
				1E6C37631D00F3BA00C44F22 /* corkBackground.jpg in Resources */,
				1E6C37461D00C68E00C44F22 /* Raleway-Bold.ttf in Resources */,
				1EDF362E1D009857005930F8 /* Main.storyboard in Resources */,
				1E6C374F1D00C68E00C44F22 /* Raleway-Medium.ttf in Resources */,
				1E6C37551D00C68E00C44F22 /* Raleway-ThinItalic.ttf in Resources */,
				1E6C37521D00C68E00C44F22 /* Raleway-SemiBold.ttf in Resources */,
				1E6C37471D00C68E00C44F22 /* Raleway-BoldItalic.ttf in Resources */,
				1EB050D91CFF7E4B0095254C /* LaunchScreen.storyboard in Resources */,
				1E6C37451D00C68E00C44F22 /* Raleway-BlackItalic.ttf in Resources */,
				1E6C376E1D00F91500C44F22 /* ionicons.ttf in Resources */,
				1E6C374D1D00C68E00C44F22 /* Raleway-Light.ttf in Resources */,
				1EB050D61CFF7E4B0095254C /* Assets.xcassets in Resources */,
				1E6C37501D00C68E00C44F22 /* Raleway-MediumItalic.ttf in Resources */,
				1E6C374C1D00C68E00C44F22 /* Raleway-Italic.ttf in Resources */,
				1E6C37491D00C68E00C44F22 /* Raleway-ExtraBoldItalic.ttf in Resources */,
			);
			runOnlyForDeploymentPostprocessing = 0;
		};
		1EB050DD1CFF7E4B0095254C /* Resources */ = {
			isa = PBXResourcesBuildPhase;
			buildActionMask = 2147483647;
			files = (
			);
			runOnlyForDeploymentPostprocessing = 0;
		};
		1EB050E81CFF7E4B0095254C /* Resources */ = {
			isa = PBXResourcesBuildPhase;
			buildActionMask = 2147483647;
			files = (
			);
			runOnlyForDeploymentPostprocessing = 0;
		};
/* End PBXResourcesBuildPhase section */

/* Begin PBXSourcesBuildPhase section */
		1EB050C21CFF7E4B0095254C /* Sources */ = {
			isa = PBXSourcesBuildPhase;
			buildActionMask = 2147483647;
			files = (
				1E6C37611D00F2D500C44F22 /* DevelopersViewController.m in Sources */,
				1E6C376D1D00F91500C44F22 /* IonIcons.m in Sources */,
				1E6C37581D00C95600C44F22 /* MapViewController.m in Sources */,
				1E6C376B1D00F91500C44F22 /* FontInspector.m in Sources */,
				1E6C375B1D00D6AC00C44F22 /* MapFilterView.m in Sources */,
				1EB050CE1CFF7E4B0095254C /* AppDelegate.m in Sources */,
				1EB050CB1CFF7E4B0095254C /* main.m in Sources */,
				1EF253341D01000C004EAFEB /* BusinessDetailViewController.m in Sources */,
				1E660F641D01D14800126519 /* InitialViewController.m in Sources */,
				1E660F5E1D01D05500126519 /* ATPlace.m in Sources */,
				1E660F611D01D06900126519 /* ATPlaceController.m in Sources */,
			);
			runOnlyForDeploymentPostprocessing = 0;
		};
		1EB050DB1CFF7E4B0095254C /* Sources */ = {
			isa = PBXSourcesBuildPhase;
			buildActionMask = 2147483647;
			files = (
				1EB050E41CFF7E4B0095254C /* projectCherryTests.m in Sources */,
			);
			runOnlyForDeploymentPostprocessing = 0;
		};
		1EB050E61CFF7E4B0095254C /* Sources */ = {
			isa = PBXSourcesBuildPhase;
			buildActionMask = 2147483647;
			files = (
				1EB050EF1CFF7E4B0095254C /* projectCherryUITests.m in Sources */,
			);
			runOnlyForDeploymentPostprocessing = 0;
		};
/* End PBXSourcesBuildPhase section */

/* Begin PBXTargetDependency section */
		1EB050E11CFF7E4B0095254C /* PBXTargetDependency */ = {
			isa = PBXTargetDependency;
			target = 1EB050C51CFF7E4B0095254C /* projectCherry */;
			targetProxy = 1EB050E01CFF7E4B0095254C /* PBXContainerItemProxy */;
		};
		1EB050EC1CFF7E4B0095254C /* PBXTargetDependency */ = {
			isa = PBXTargetDependency;
			target = 1EB050C51CFF7E4B0095254C /* projectCherry */;
			targetProxy = 1EB050EB1CFF7E4B0095254C /* PBXContainerItemProxy */;
		};
/* End PBXTargetDependency section */

/* Begin PBXVariantGroup section */
		1EB050D71CFF7E4B0095254C /* LaunchScreen.storyboard */ = {
			isa = PBXVariantGroup;
			children = (
				1EB050D81CFF7E4B0095254C /* Base */,
			);
			name = LaunchScreen.storyboard;
			sourceTree = "<group>";
		};
/* End PBXVariantGroup section */

/* Begin XCBuildConfiguration section */
		1EB050F11CFF7E4B0095254C /* Debug */ = {
			isa = XCBuildConfiguration;
			buildSettings = {
				ALWAYS_SEARCH_USER_PATHS = NO;
				CLANG_ANALYZER_NONNULL = YES;
				CLANG_CXX_LANGUAGE_STANDARD = "gnu++0x";
				CLANG_CXX_LIBRARY = "libc++";
				CLANG_ENABLE_MODULES = YES;
				CLANG_ENABLE_OBJC_ARC = YES;
				CLANG_WARN_BOOL_CONVERSION = YES;
				CLANG_WARN_CONSTANT_CONVERSION = YES;
				CLANG_WARN_DIRECT_OBJC_ISA_USAGE = YES_ERROR;
				CLANG_WARN_EMPTY_BODY = YES;
				CLANG_WARN_ENUM_CONVERSION = YES;
				CLANG_WARN_INT_CONVERSION = YES;
				CLANG_WARN_OBJC_ROOT_CLASS = YES_ERROR;
				CLANG_WARN_UNREACHABLE_CODE = YES;
				CLANG_WARN__DUPLICATE_METHOD_MATCH = YES;
				"CODE_SIGN_IDENTITY[sdk=iphoneos*]" = "iPhone Developer";
				COPY_PHASE_STRIP = NO;
				DEBUG_INFORMATION_FORMAT = dwarf;
				ENABLE_STRICT_OBJC_MSGSEND = YES;
				ENABLE_TESTABILITY = YES;
				GCC_C_LANGUAGE_STANDARD = gnu99;
				GCC_DYNAMIC_NO_PIC = NO;
				GCC_NO_COMMON_BLOCKS = YES;
				GCC_OPTIMIZATION_LEVEL = 0;
				GCC_PREPROCESSOR_DEFINITIONS = (
					"DEBUG=1",
					"$(inherited)",
				);
				GCC_WARN_64_TO_32_BIT_CONVERSION = YES;
				GCC_WARN_ABOUT_RETURN_TYPE = YES_ERROR;
				GCC_WARN_UNDECLARED_SELECTOR = YES;
				GCC_WARN_UNINITIALIZED_AUTOS = YES_AGGRESSIVE;
				GCC_WARN_UNUSED_FUNCTION = YES;
				GCC_WARN_UNUSED_VARIABLE = YES;
				IPHONEOS_DEPLOYMENT_TARGET = 9.3;
				MTL_ENABLE_DEBUG_INFO = YES;
				ONLY_ACTIVE_ARCH = YES;
				SDKROOT = iphoneos;
				TARGETED_DEVICE_FAMILY = "1,2";
			};
			name = Debug;
		};
		1EB050F21CFF7E4B0095254C /* Release */ = {
			isa = XCBuildConfiguration;
			buildSettings = {
				ALWAYS_SEARCH_USER_PATHS = NO;
				CLANG_ANALYZER_NONNULL = YES;
				CLANG_CXX_LANGUAGE_STANDARD = "gnu++0x";
				CLANG_CXX_LIBRARY = "libc++";
				CLANG_ENABLE_MODULES = YES;
				CLANG_ENABLE_OBJC_ARC = YES;
				CLANG_WARN_BOOL_CONVERSION = YES;
				CLANG_WARN_CONSTANT_CONVERSION = YES;
				CLANG_WARN_DIRECT_OBJC_ISA_USAGE = YES_ERROR;
				CLANG_WARN_EMPTY_BODY = YES;
				CLANG_WARN_ENUM_CONVERSION = YES;
				CLANG_WARN_INT_CONVERSION = YES;
				CLANG_WARN_OBJC_ROOT_CLASS = YES_ERROR;
				CLANG_WARN_UNREACHABLE_CODE = YES;
				CLANG_WARN__DUPLICATE_METHOD_MATCH = YES;
				"CODE_SIGN_IDENTITY[sdk=iphoneos*]" = "iPhone Developer";
				COPY_PHASE_STRIP = NO;
				DEBUG_INFORMATION_FORMAT = "dwarf-with-dsym";
				ENABLE_NS_ASSERTIONS = NO;
				ENABLE_STRICT_OBJC_MSGSEND = YES;
				GCC_C_LANGUAGE_STANDARD = gnu99;
				GCC_NO_COMMON_BLOCKS = YES;
				GCC_WARN_64_TO_32_BIT_CONVERSION = YES;
				GCC_WARN_ABOUT_RETURN_TYPE = YES_ERROR;
				GCC_WARN_UNDECLARED_SELECTOR = YES;
				GCC_WARN_UNINITIALIZED_AUTOS = YES_AGGRESSIVE;
				GCC_WARN_UNUSED_FUNCTION = YES;
				GCC_WARN_UNUSED_VARIABLE = YES;
				IPHONEOS_DEPLOYMENT_TARGET = 9.3;
				MTL_ENABLE_DEBUG_INFO = NO;
				SDKROOT = iphoneos;
				TARGETED_DEVICE_FAMILY = "1,2";
				VALIDATE_PRODUCT = YES;
			};
			name = Release;
		};
		1EB050F41CFF7E4B0095254C /* Debug */ = {
			isa = XCBuildConfiguration;
			buildSettings = {
				ASSETCATALOG_COMPILER_APPICON_NAME = AppIcon;
				FRAMEWORK_SEARCH_PATHS = (
					"$(inherited)",
					"$(PROJECT_DIR)",
				);
				INFOPLIST_FILE = projectCherry/Info.plist;
				LD_RUNPATH_SEARCH_PATHS = "$(inherited) @executable_path/Frameworks";
				PRODUCT_BUNDLE_IDENTIFIER = ApolloTech.projectCherry;
				PRODUCT_NAME = "$(TARGET_NAME)";
			};
			name = Debug;
		};
		1EB050F51CFF7E4B0095254C /* Release */ = {
			isa = XCBuildConfiguration;
			buildSettings = {
				ASSETCATALOG_COMPILER_APPICON_NAME = AppIcon;
				FRAMEWORK_SEARCH_PATHS = (
					"$(inherited)",
					"$(PROJECT_DIR)",
				);
				INFOPLIST_FILE = projectCherry/Info.plist;
				LD_RUNPATH_SEARCH_PATHS = "$(inherited) @executable_path/Frameworks";
				PRODUCT_BUNDLE_IDENTIFIER = ApolloTech.projectCherry;
				PRODUCT_NAME = "$(TARGET_NAME)";
			};
			name = Release;
		};
		1EB050F71CFF7E4B0095254C /* Debug */ = {
			isa = XCBuildConfiguration;
			buildSettings = {
				BUNDLE_LOADER = "$(TEST_HOST)";
				INFOPLIST_FILE = projectCherryTests/Info.plist;
				LD_RUNPATH_SEARCH_PATHS = "$(inherited) @executable_path/Frameworks @loader_path/Frameworks";
				PRODUCT_BUNDLE_IDENTIFIER = ApolloTech.projectCherryTests;
				PRODUCT_NAME = "$(TARGET_NAME)";
				TEST_HOST = "$(BUILT_PRODUCTS_DIR)/projectCherry.app/projectCherry";
			};
			name = Debug;
		};
		1EB050F81CFF7E4B0095254C /* Release */ = {
			isa = XCBuildConfiguration;
			buildSettings = {
				BUNDLE_LOADER = "$(TEST_HOST)";
				INFOPLIST_FILE = projectCherryTests/Info.plist;
				LD_RUNPATH_SEARCH_PATHS = "$(inherited) @executable_path/Frameworks @loader_path/Frameworks";
				PRODUCT_BUNDLE_IDENTIFIER = ApolloTech.projectCherryTests;
				PRODUCT_NAME = "$(TARGET_NAME)";
				TEST_HOST = "$(BUILT_PRODUCTS_DIR)/projectCherry.app/projectCherry";
			};
			name = Release;
		};
		1EB050FA1CFF7E4B0095254C /* Debug */ = {
			isa = XCBuildConfiguration;
			buildSettings = {
				INFOPLIST_FILE = projectCherryUITests/Info.plist;
				LD_RUNPATH_SEARCH_PATHS = "$(inherited) @executable_path/Frameworks @loader_path/Frameworks";
				PRODUCT_BUNDLE_IDENTIFIER = ApolloTech.projectCherryUITests;
				PRODUCT_NAME = "$(TARGET_NAME)";
				TEST_TARGET_NAME = projectCherry;
			};
			name = Debug;
		};
		1EB050FB1CFF7E4B0095254C /* Release */ = {
			isa = XCBuildConfiguration;
			buildSettings = {
				INFOPLIST_FILE = projectCherryUITests/Info.plist;
				LD_RUNPATH_SEARCH_PATHS = "$(inherited) @executable_path/Frameworks @loader_path/Frameworks";
				PRODUCT_BUNDLE_IDENTIFIER = ApolloTech.projectCherryUITests;
				PRODUCT_NAME = "$(TARGET_NAME)";
				TEST_TARGET_NAME = projectCherry;
			};
			name = Release;
		};
/* End XCBuildConfiguration section */

/* Begin XCConfigurationList section */
		1EB050C11CFF7E4B0095254C /* Build configuration list for PBXProject "projectCherry" */ = {
			isa = XCConfigurationList;
			buildConfigurations = (
				1EB050F11CFF7E4B0095254C /* Debug */,
				1EB050F21CFF7E4B0095254C /* Release */,
			);
			defaultConfigurationIsVisible = 0;
			defaultConfigurationName = Release;
		};
		1EB050F31CFF7E4B0095254C /* Build configuration list for PBXNativeTarget "projectCherry" */ = {
			isa = XCConfigurationList;
			buildConfigurations = (
				1EB050F41CFF7E4B0095254C /* Debug */,
				1EB050F51CFF7E4B0095254C /* Release */,
			);
			defaultConfigurationIsVisible = 0;
			defaultConfigurationName = Release;
		};
		1EB050F61CFF7E4B0095254C /* Build configuration list for PBXNativeTarget "projectCherryTests" */ = {
			isa = XCConfigurationList;
			buildConfigurations = (
				1EB050F71CFF7E4B0095254C /* Debug */,
				1EB050F81CFF7E4B0095254C /* Release */,
			);
			defaultConfigurationIsVisible = 0;
			defaultConfigurationName = Release;
		};
		1EB050F91CFF7E4B0095254C /* Build configuration list for PBXNativeTarget "projectCherryUITests" */ = {
			isa = XCConfigurationList;
			buildConfigurations = (
				1EB050FA1CFF7E4B0095254C /* Debug */,
				1EB050FB1CFF7E4B0095254C /* Release */,
			);
			defaultConfigurationIsVisible = 0;
			defaultConfigurationName = Release;
		};
/* End XCConfigurationList section */
	};
	rootObject = 1EB050BE1CFF7E4B0095254C /* Project object */;
}
